
Microsoft Visual Studio Solution File, Format Version 12.00
# Visual Studio Version 17
VisualStudioVersion = 17.2.32516.85
MinimumVisualStudioVersion = 10.0.40219.1
Project("{2150E333-8FDC-42A3-9474-1A3956D46DE8}") = "catalog-service", "catalog-service", "{D06C2CED-E6BE-4F92-B28C-996EFC5A924A}"
EndProject
Project("{9A19103F-16F7-4668-BE54-9A1E7A4F7556}") = "Catalog.API", "catalog-service\Catalog.API\Catalog.API.csproj", "{3468FE2B-CB9B-4E37-9DFE-9CA1A05F8BF5}"
EndProject
Project("{E53339B2-1760-4266-BCC7-CA923CBCF16C}") = "docker-compose", "docker-compose.dcproj", "{DDA259CF-CCC5-4821-BE5A-8B391DBA90D1}"
EndProject
Project("{9A19103F-16F7-4668-BE54-9A1E7A4F7556}") = "API", "basket-service\API\API.csproj", "{81068125-17AA-4A60-BB3C-475057683A09}"
EndProject
Project("{9A19103F-16F7-4668-BE54-9A1E7A4F7556}") = "Discount.API", "discount-service\Discount.API\Discount.API.csproj", "{6EA1266C-3F7D-427D-8059-24BB40465016}"
EndProject
Project("{2150E333-8FDC-42A3-9474-1A3956D46DE8}") = "basket-service", "basket-service", "{19C7E935-994C-46AB-B5D1-B0FFFBB2CBE3}"
EndProject
Project("{2150E333-8FDC-42A3-9474-1A3956D46DE8}") = "discount-service", "discount-service", "{367C7152-A8A2-442A-A85B-6A4C2ED50247}"
EndProject
Project("{9A19103F-16F7-4668-BE54-9A1E7A4F7556}") = "Discount.Grpc", "discount-service\Discount.Grpc\Discount.Grpc.csproj", "{22F36AC8-2DBC-4BCC-BA76-73B4484ADB16}"
EndProject
Project("{2150E333-8FDC-42A3-9474-1A3956D46DE8}") = "order-service", "order-service", "{63F92345-00C5-41F1-AB82-E754939C85A5}"
EndProject
Project("{9A19103F-16F7-4668-BE54-9A1E7A4F7556}") = "Ordering.API", "ordering-service\Ordering.API\Ordering.API.csproj", "{77B67914-B090-49FC-834D-D882509A3AB2}"
EndProject
Project("{9A19103F-16F7-4668-BE54-9A1E7A4F7556}") = "Ordering.Domain", "ordering-service\Ordering.Domain\Ordering.Domain.csproj", "{CC1BCA8B-0A85-4C74-9B27-4AA1318AB6FA}"
EndProject
Project("{9A19103F-16F7-4668-BE54-9A1E7A4F7556}") = "Ordering.Application", "ordering-service\Ordering.Application\Ordering.Application.csproj", "{788D67B6-D2C3-4C0C-862C-41BBC31BF1E3}"
EndProject
Project("{9A19103F-16F7-4668-BE54-9A1E7A4F7556}") = "Ordering.Infrastructure", "ordering-service\Ordering.Infrastructure\Ordering.Infrastructure.csproj", "{94DE151E-74D4-4797-B465-D56D0B4D7AFE}"
EndProject
Project("{2150E333-8FDC-42A3-9474-1A3956D46DE8}") = "BuildingBlocks", "BuildingBlocks", "{36E7FA69-4B5A-4808-AD02-EA5BD2F30769}"
EndProject
Project("{9A19103F-16F7-4668-BE54-9A1E7A4F7556}") = "EventBus.Messages", "BuildingBlocks\EventBus.Messages\EventBus.Messages.csproj", "{507F1065-3B66-477F-A5BD-79AD67D57683}"
EndProject
Project("{2150E333-8FDC-42A3-9474-1A3956D46DE8}") = "ApiGateway", "ApiGateway", "{5FD5BAC4-EF29-44A2-80F0-F4BAC1AEB7D0}"
EndProject
Project("{FAE04EC0-301F-11D3-BF4B-00C04F79EFBC}") = "WebApplication1", "ApiGateway\WebApplication1\WebApplication1.csproj", "{4870AA64-CC21-495B-BE23-BB250B00B559}"
EndProject
Global
	GlobalSection(SolutionConfigurationPlatforms) = preSolution
		Debug|Any CPU = Debug|Any CPU
		Release|Any CPU = Release|Any CPU
	EndGlobalSection
	GlobalSection(ProjectConfigurationPlatforms) = postSolution
		{3468FE2B-CB9B-4E37-9DFE-9CA1A05F8BF5}.Debug|Any CPU.ActiveCfg = Debug|Any CPU
		{3468FE2B-CB9B-4E37-9DFE-9CA1A05F8BF5}.Debug|Any CPU.Build.0 = Debug|Any CPU
		{3468FE2B-CB9B-4E37-9DFE-9CA1A05F8BF5}.Release|Any CPU.ActiveCfg = Release|Any CPU
		{3468FE2B-CB9B-4E37-9DFE-9CA1A05F8BF5}.Release|Any CPU.Build.0 = Release|Any CPU
		{DDA259CF-CCC5-4821-BE5A-8B391DBA90D1}.Debug|Any CPU.ActiveCfg = Debug|Any CPU
		{DDA259CF-CCC5-4821-BE5A-8B391DBA90D1}.Debug|Any CPU.Build.0 = Debug|Any CPU
		{DDA259CF-CCC5-4821-BE5A-8B391DBA90D1}.Release|Any CPU.ActiveCfg = Release|Any CPU
		{DDA259CF-CCC5-4821-BE5A-8B391DBA90D1}.Release|Any CPU.Build.0 = Release|Any CPU
		{81068125-17AA-4A60-BB3C-475057683A09}.Debug|Any CPU.ActiveCfg = Debug|Any CPU
		{81068125-17AA-4A60-BB3C-475057683A09}.Debug|Any CPU.Build.0 = Debug|Any CPU
		{81068125-17AA-4A60-BB3C-475057683A09}.Release|Any CPU.ActiveCfg = Release|Any CPU
		{81068125-17AA-4A60-BB3C-475057683A09}.Release|Any CPU.Build.0 = Release|Any CPU
		{6EA1266C-3F7D-427D-8059-24BB40465016}.Debug|Any CPU.ActiveCfg = Debug|Any CPU
		{6EA1266C-3F7D-427D-8059-24BB40465016}.Debug|Any CPU.Build.0 = Debug|Any CPU
		{6EA1266C-3F7D-427D-8059-24BB40465016}.Release|Any CPU.ActiveCfg = Release|Any CPU
		{6EA1266C-3F7D-427D-8059-24BB40465016}.Release|Any CPU.Build.0 = Release|Any CPU
		{22F36AC8-2DBC-4BCC-BA76-73B4484ADB16}.Debug|Any CPU.ActiveCfg = Debug|Any CPU
		{22F36AC8-2DBC-4BCC-BA76-73B4484ADB16}.Debug|Any CPU.Build.0 = Debug|Any CPU
		{22F36AC8-2DBC-4BCC-BA76-73B4484ADB16}.Release|Any CPU.ActiveCfg = Release|Any CPU
		{22F36AC8-2DBC-4BCC-BA76-73B4484ADB16}.Release|Any CPU.Build.0 = Release|Any CPU
		{77B67914-B090-49FC-834D-D882509A3AB2}.Debug|Any CPU.ActiveCfg = Debug|Any CPU
		{77B67914-B090-49FC-834D-D882509A3AB2}.Debug|Any CPU.Build.0 = Debug|Any CPU
		{77B67914-B090-49FC-834D-D882509A3AB2}.Release|Any CPU.ActiveCfg = Release|Any CPU
		{77B67914-B090-49FC-834D-D882509A3AB2}.Release|Any CPU.Build.0 = Release|Any CPU
		{CC1BCA8B-0A85-4C74-9B27-4AA1318AB6FA}.Debug|Any CPU.ActiveCfg = Debug|Any CPU
		{CC1BCA8B-0A85-4C74-9B27-4AA1318AB6FA}.Debug|Any CPU.Build.0 = Debug|Any CPU
		{CC1BCA8B-0A85-4C74-9B27-4AA1318AB6FA}.Release|Any CPU.ActiveCfg = Release|Any CPU
		{CC1BCA8B-0A85-4C74-9B27-4AA1318AB6FA}.Release|Any CPU.Build.0 = Release|Any CPU
		{788D67B6-D2C3-4C0C-862C-41BBC31BF1E3}.Debug|Any CPU.ActiveCfg = Debug|Any CPU
		{788D67B6-D2C3-4C0C-862C-41BBC31BF1E3}.Debug|Any CPU.Build.0 = Debug|Any CPU
		{788D67B6-D2C3-4C0C-862C-41BBC31BF1E3}.Release|Any CPU.ActiveCfg = Release|Any CPU
		{788D67B6-D2C3-4C0C-862C-41BBC31BF1E3}.Release|Any CPU.Build.0 = Release|Any CPU
		{94DE151E-74D4-4797-B465-D56D0B4D7AFE}.Debug|Any CPU.ActiveCfg = Debug|Any CPU
		{94DE151E-74D4-4797-B465-D56D0B4D7AFE}.Debug|Any CPU.Build.0 = Debug|Any CPU
		{94DE151E-74D4-4797-B465-D56D0B4D7AFE}.Release|Any CPU.ActiveCfg = Release|Any CPU
		{94DE151E-74D4-4797-B465-D56D0B4D7AFE}.Release|Any CPU.Build.0 = Release|Any CPU
		{507F1065-3B66-477F-A5BD-79AD67D57683}.Debug|Any CPU.ActiveCfg = Debug|Any CPU
		{507F1065-3B66-477F-A5BD-79AD67D57683}.Debug|Any CPU.Build.0 = Debug|Any CPU
		{507F1065-3B66-477F-A5BD-79AD67D57683}.Release|Any CPU.ActiveCfg = Release|Any CPU
		{507F1065-3B66-477F-A5BD-79AD67D57683}.Release|Any CPU.Build.0 = Release|Any CPU
		{4870AA64-CC21-495B-BE23-BB250B00B559}.Debug|Any CPU.ActiveCfg = Debug|Any CPU
		{4870AA64-CC21-495B-BE23-BB250B00B559}.Debug|Any CPU.Build.0 = Debug|Any CPU
		{4870AA64-CC21-495B-BE23-BB250B00B559}.Release|Any CPU.ActiveCfg = Release|Any CPU
		{4870AA64-CC21-495B-BE23-BB250B00B559}.Release|Any CPU.Build.0 = Release|Any CPU
	EndGlobalSection
	GlobalSection(SolutionProperties) = preSolution
		HideSolutionNode = FALSE
	EndGlobalSection
	GlobalSection(NestedProjects) = preSolution
		{3468FE2B-CB9B-4E37-9DFE-9CA1A05F8BF5} = {D06C2CED-E6BE-4F92-B28C-996EFC5A924A}
		{81068125-17AA-4A60-BB3C-475057683A09} = {19C7E935-994C-46AB-B5D1-B0FFFBB2CBE3}
		{6EA1266C-3F7D-427D-8059-24BB40465016} = {367C7152-A8A2-442A-A85B-6A4C2ED50247}
		{22F36AC8-2DBC-4BCC-BA76-73B4484ADB16} = {367C7152-A8A2-442A-A85B-6A4C2ED50247}
		{77B67914-B090-49FC-834D-D882509A3AB2} = {63F92345-00C5-41F1-AB82-E754939C85A5}
		{CC1BCA8B-0A85-4C74-9B27-4AA1318AB6FA} = {63F92345-00C5-41F1-AB82-E754939C85A5}
		{788D67B6-D2C3-4C0C-862C-41BBC31BF1E3} = {63F92345-00C5-41F1-AB82-E754939C85A5}
		{94DE151E-74D4-4797-B465-D56D0B4D7AFE} = {63F92345-00C5-41F1-AB82-E754939C85A5}
		{507F1065-3B66-477F-A5BD-79AD67D57683} = {36E7FA69-4B5A-4808-AD02-EA5BD2F30769}
		{4870AA64-CC21-495B-BE23-BB250B00B559} = {5FD5BAC4-EF29-44A2-80F0-F4BAC1AEB7D0}
	EndGlobalSection
	GlobalSection(ExtensibilityGlobals) = postSolution
		SolutionGuid = {BACD340B-A7F9-420C-82A8-FE748E4CC4D0}
	EndGlobalSection
EndGlobal
